// !$*UTF8*$!
{
	archiveVersion = 1;
	classes = {
	};
	objectVersion = 56;
	objects = {

/* Begin PBXBuildFile section */
		AA8046612963644D00B4FFEC /* AddPatientView.swift in Sources */ = {isa = PBXBuildFile; fileRef = AA8046602963644D00B4FFEC /* AddPatientView.swift */; };
		AA8046652963677400B4FFEC /* RoomPickerView.swift in Sources */ = {isa = PBXBuildFile; fileRef = AA8046642963677300B4FFEC /* RoomPickerView.swift */; };
		AA8046672963953100B4FFEC /* Room+Extension.swift in Sources */ = {isa = PBXBuildFile; fileRef = AA8046662963953100B4FFEC /* Room+Extension.swift */; };
		AAD3B4D229646FAD00290037 /* PatientDetailView.swift in Sources */ = {isa = PBXBuildFile; fileRef = AAD3B4D129646FAD00290037 /* PatientDetailView.swift */; };
		AAD3B4D4296471BE00290037 /* Patient+Extension.swift in Sources */ = {isa = PBXBuildFile; fileRef = AAD3B4D3296471BE00290037 /* Patient+Extension.swift */; };
		AADA81042954AF370014B85B /* CD_One_To_One_RelationApp.swift in Sources */ = {isa = PBXBuildFile; fileRef = AADA81032954AF370014B85B /* CD_One_To_One_RelationApp.swift */; };
		AADA81062954AF370014B85B /* ContentView.swift in Sources */ = {isa = PBXBuildFile; fileRef = AADA81052954AF370014B85B /* ContentView.swift */; };
		AADA81082954AF390014B85B /* Assets.xcassets in Resources */ = {isa = PBXBuildFile; fileRef = AADA81072954AF390014B85B /* Assets.xcassets */; };
		AADA810B2954AF390014B85B /* Preview Assets.xcassets in Resources */ = {isa = PBXBuildFile; fileRef = AADA810A2954AF390014B85B /* Preview Assets.xcassets */; };
		AADA810D2954AF390014B85B /* Persistence.swift in Sources */ = {isa = PBXBuildFile; fileRef = AADA810C2954AF390014B85B /* Persistence.swift */; };
		AADA81102954AF390014B85B /* CD_One_To_One_Relation.xcdatamodeld in Sources */ = {isa = PBXBuildFile; fileRef = AADA810E2954AF390014B85B /* CD_One_To_One_Relation.xcdatamodeld */; };
/* End PBXBuildFile section */

/* Begin PBXFileReference section */
		AA8046602963644D00B4FFEC /* AddPatientView.swift */ = {isa = PBXFileReference; lastKnownFileType = sourcecode.swift; path = AddPatientView.swift; sourceTree = "<group>"; };
		AA8046642963677300B4FFEC /* RoomPickerView.swift */ = {isa = PBXFileReference; lastKnownFileType = sourcecode.swift; path = RoomPickerView.swift; sourceTree = "<group>"; };
		AA8046662963953100B4FFEC /* Room+Extension.swift */ = {isa = PBXFileReference; lastKnownFileType = sourcecode.swift; path = "Room+Extension.swift"; sourceTree = "<group>"; };
		AAD3B4D129646FAD00290037 /* PatientDetailView.swift */ = {isa = PBXFileReference; lastKnownFileType = sourcecode.swift; path = PatientDetailView.swift; sourceTree = "<group>"; };
		AAD3B4D3296471BE00290037 /* Patient+Extension.swift */ = {isa = PBXFileReference; lastKnownFileType = sourcecode.swift; path = "Patient+Extension.swift"; sourceTree = "<group>"; };
		AADA81002954AF370014B85B /* CD-One-To-One-Relation.app */ = {isa = PBXFileReference; explicitFileType = wrapper.application; includeInIndex = 0; path = "CD-One-To-One-Relation.app"; sourceTree = BUILT_PRODUCTS_DIR; };
		AADA81032954AF370014B85B /* CD_One_To_One_RelationApp.swift */ = {isa = PBXFileReference; lastKnownFileType = sourcecode.swift; path = CD_One_To_One_RelationApp.swift; sourceTree = "<group>"; };
		AADA81052954AF370014B85B /* ContentView.swift */ = {isa = PBXFileReference; lastKnownFileType = sourcecode.swift; path = ContentView.swift; sourceTree = "<group>"; };
		AADA81072954AF390014B85B /* Assets.xcassets */ = {isa = PBXFileReference; lastKnownFileType = folder.assetcatalog; path = Assets.xcassets; sourceTree = "<group>"; };
		AADA810A2954AF390014B85B /* Preview Assets.xcassets */ = {isa = PBXFileReference; lastKnownFileType = folder.assetcatalog; path = "Preview Assets.xcassets"; sourceTree = "<group>"; };
		AADA810C2954AF390014B85B /* Persistence.swift */ = {isa = PBXFileReference; lastKnownFileType = sourcecode.swift; path = Persistence.swift; sourceTree = "<group>"; };
		AADA810F2954AF390014B85B /* CD_One_To_One_Relation.xcdatamodel */ = {isa = PBXFileReference; lastKnownFileType = wrapper.xcdatamodel; path = CD_One_To_One_Relation.xcdatamodel; sourceTree = "<group>"; };
/* End PBXFileReference section */

/* Begin PBXFrameworksBuildPhase section */
		AADA80FD2954AF370014B85B /* Frameworks */ = {
			isa = PBXFrameworksBuildPhase;
			buildActionMask = 2147483647;
			files = (
			);
			runOnlyForDeploymentPostprocessing = 0;
		};
/* End PBXFrameworksBuildPhase section */

/* Begin PBXGroup section */
		AA804662296366B000B4FFEC /* Views */ = {
			isa = PBXGroup;
			children = (
				AA8046632963675300B4FFEC /* HelperViews */,
				AADA81052954AF370014B85B /* ContentView.swift */,
				AA8046602963644D00B4FFEC /* AddPatientView.swift */,
				AAD3B4D129646FAD00290037 /* PatientDetailView.swift */,
			);
			path = Views;
			sourceTree = "<group>";
		};
		AA8046632963675300B4FFEC /* HelperViews */ = {
			isa = PBXGroup;
			children = (
				AA8046642963677300B4FFEC /* RoomPickerView.swift */,
			);
			path = HelperViews;
			sourceTree = "<group>";
		};
		AADA80F72954AF370014B85B = {
			isa = PBXGroup;
			children = (
				AADA81022954AF370014B85B /* CD-One-To-One-Relation */,
				AADA81012954AF370014B85B /* Products */,
			);
			sourceTree = "<group>";
		};
		AADA81012954AF370014B85B /* Products */ = {
			isa = PBXGroup;
			children = (
				AADA81002954AF370014B85B /* CD-One-To-One-Relation.app */,
			);
			name = Products;
			sourceTree = "<group>";
		};
		AADA81022954AF370014B85B /* CD-One-To-One-Relation */ = {
			isa = PBXGroup;
			children = (
				AADA81032954AF370014B85B /* CD_One_To_One_RelationApp.swift */,
				AA804662296366B000B4FFEC /* Views */,
				AADA81072954AF390014B85B /* Assets.xcassets */,
				AADA810C2954AF390014B85B /* Persistence.swift */,
				AAD3B4D3296471BE00290037 /* Patient+Extension.swift */,
				AA8046662963953100B4FFEC /* Room+Extension.swift */,
				AADA810E2954AF390014B85B /* CD_One_To_One_Relation.xcdatamodeld */,
				AADA81092954AF390014B85B /* Preview Content */,
			);
			path = "CD-One-To-One-Relation";
			sourceTree = "<group>";
		};
		AADA81092954AF390014B85B /* Preview Content */ = {
			isa = PBXGroup;
			children = (
				AADA810A2954AF390014B85B /* Preview Assets.xcassets */,
			);
			path = "Preview Content";
			sourceTree = "<group>";
		};
/* End PBXGroup section */

/* Begin PBXNativeTarget section */
		AADA80FF2954AF370014B85B /* CD-One-To-One-Relation */ = {
			isa = PBXNativeTarget;
			buildConfigurationList = AADA81132954AF390014B85B /* Build configuration list for PBXNativeTarget "CD-One-To-One-Relation" */;
			buildPhases = (
				AADA80FC2954AF370014B85B /* Sources */,
				AADA80FD2954AF370014B85B /* Frameworks */,
				AADA80FE2954AF370014B85B /* Resources */,
			);
			buildRules = (
			);
			dependencies = (
			);
			name = "CD-One-To-One-Relation";
			productName = "CD-One-To-One-Relation";
			productReference = AADA81002954AF370014B85B /* CD-One-To-One-Relation.app */;
			productType = "com.apple.product-type.application";
		};
/* End PBXNativeTarget section */

/* Begin PBXProject section */
		AADA80F82954AF370014B85B /* Project object */ = {
			isa = PBXProject;
			attributes = {
				BuildIndependentTargetsInParallel = 1;
				LastSwiftUpdateCheck = 1420;
				LastUpgradeCheck = 1420;
				TargetAttributes = {
					AADA80FF2954AF370014B85B = {
						CreatedOnToolsVersion = 14.2;
					};
				};
			};
			buildConfigurationList = AADA80FB2954AF370014B85B /* Build configuration list for PBXProject "CD-One-To-One-Relation" */;
			compatibilityVersion = "Xcode 14.0";
			developmentRegion = en;
			hasScannedForEncodings = 0;
			knownRegions = (
				en,
				Base,
			);
			mainGroup = AADA80F72954AF370014B85B;
			productRefGroup = AADA81012954AF370014B85B /* Products */;
			projectDirPath = "";
			projectRoot = "";
			targets = (
				AADA80FF2954AF370014B85B /* CD-One-To-One-Relation */,
			);
		};
/* End PBXProject section */

/* Begin PBXResourcesBuildPhase section */
		AADA80FE2954AF370014B85B /* Resources */ = {
			isa = PBXResourcesBuildPhase;
			buildActionMask = 2147483647;
			files = (
				AADA810B2954AF390014B85B /* Preview Assets.xcassets in Resources */,
				AADA81082954AF390014B85B /* Assets.xcassets in Resources */,
			);
			runOnlyForDeploymentPostprocessing = 0;
		};
/* End PBXResourcesBuildPhase section */

/* Begin PBXSourcesBuildPhase section */
		AADA80FC2954AF370014B85B /* Sources */ = {
			isa = PBXSourcesBuildPhase;
			buildActionMask = 2147483647;
			files = (
				AADA810D2954AF390014B85B /* Persistence.swift in Sources */,
				AAD3B4D4296471BE00290037 /* Patient+Extension.swift in Sources */,
				AA8046652963677400B4FFEC /* RoomPickerView.swift in Sources */,
				AA8046672963953100B4FFEC /* Room+Extension.swift in Sources */,
				AA8046612963644D00B4FFEC /* AddPatientView.swift in Sources */,
				AADA81062954AF370014B85B /* ContentView.swift in Sources */,
				AAD3B4D229646FAD00290037 /* PatientDetailView.swift in Sources */,
				AADA81042954AF370014B85B /* CD_One_To_One_RelationApp.swift in Sources */,
				AADA81102954AF390014B85B /* CD_One_To_One_Relation.xcdatamodeld in Sources */,
			);
			runOnlyForDeploymentPostprocessing = 0;
		};
/* End PBXSourcesBuildPhase section */

/* Begin XCBuildConfiguration section */
		AADA81112954AF390014B85B /* Debug */ = {
			isa = XCBuildConfiguration;
			buildSettings = {
				ALWAYS_SEARCH_USER_PATHS = NO;
				CLANG_ANALYZER_NONNULL = YES;
				CLANG_ANALYZER_NUMBER_OBJECT_CONVERSION = YES_AGGRESSIVE;
				CLANG_CXX_LANGUAGE_STANDARD = "gnu++20";
				CLANG_ENABLE_MODULES = YES;
				CLANG_ENABLE_OBJC_ARC = YES;
				CLANG_ENABLE_OBJC_WEAK = YES;
				CLANG_WARN_BLOCK_CAPTURE_AUTORELEASING = YES;
				CLANG_WARN_BOOL_CONVERSION = YES;
				CLANG_WARN_COMMA = YES;
				CLANG_WARN_CONSTANT_CONVERSION = YES;
				CLANG_WARN_DEPRECATED_OBJC_IMPLEMENTATIONS = YES;
				CLANG_WARN_DIRECT_OBJC_ISA_USAGE = YES_ERROR;
				CLANG_WARN_DOCUMENTATION_COMMENTS = YES;
				CLANG_WARN_EMPTY_BODY = YES;
				CLANG_WARN_ENUM_CONVERSION = YES;
				CLANG_WARN_INFINITE_RECURSION = YES;
				CLANG_WARN_INT_CONVERSION = YES;
				CLANG_WARN_NON_LITERAL_NULL_CONVERSION = YES;
				CLANG_WARN_OBJC_IMPLICIT_RETAIN_SELF = YES;
				CLANG_WARN_OBJC_LITERAL_CONVERSION = YES;
				CLANG_WARN_OBJC_ROOT_CLASS = YES_ERROR;
				CLANG_WARN_QUOTED_INCLUDE_IN_FRAMEWORK_HEADER = YES;
				CLANG_WARN_RANGE_LOOP_ANALYSIS = YES;
				CLANG_WARN_STRICT_PROTOTYPES = YES;
				CLANG_WARN_SUSPICIOUS_MOVE = YES;
				CLANG_WARN_UNGUARDED_AVAILABILITY = YES_AGGRESSIVE;
				CLANG_WARN_UNREACHABLE_CODE = YES;
				CLANG_WARN__DUPLICATE_METHOD_MATCH = YES;
				COPY_PHASE_STRIP = NO;
				DEBUG_INFORMATION_FORMAT = dwarf;
				ENABLE_STRICT_OBJC_MSGSEND = YES;
				ENABLE_TESTABILITY = YES;
				GCC_C_LANGUAGE_STANDARD = gnu11;
				GCC_DYNAMIC_NO_PIC = NO;
				GCC_NO_COMMON_BLOCKS = YES;
				GCC_OPTIMIZATION_LEVEL = 0;
				GCC_PREPROCESSOR_DEFINITIONS = (
					"DEBUG=1",
					"$(inherited)",
				);
				GCC_WARN_64_TO_32_BIT_CONVERSION = YES;
				GCC_WARN_ABOUT_RETURN_TYPE = YES_ERROR;
				GCC_WARN_UNDECLARED_SELECTOR = YES;
				GCC_WARN_UNINITIALIZED_AUTOS = YES_AGGRESSIVE;
				GCC_WARN_UNUSED_FUNCTION = YES;
				GCC_WARN_UNUSED_VARIABLE = YES;
				IPHONEOS_DEPLOYMENT_TARGET = 16.2;
				MTL_ENABLE_DEBUG_INFO = INCLUDE_SOURCE;
				MTL_FAST_MATH = YES;
				ONLY_ACTIVE_ARCH = YES;
				SDKROOT = iphoneos;
				SWIFT_ACTIVE_COMPILATION_CONDITIONS = DEBUG;
				SWIFT_OPTIMIZATION_LEVEL = "-Onone";
			};
			name = Debug;
		};
		AADA81122954AF390014B85B /* Release */ = {
			isa = XCBuildConfiguration;
			buildSettings = {
				ALWAYS_SEARCH_USER_PATHS = NO;
				CLANG_ANALYZER_NONNULL = YES;
				CLANG_ANALYZER_NUMBER_OBJECT_CONVERSION = YES_AGGRESSIVE;
				CLANG_CXX_LANGUAGE_STANDARD = "gnu++20";
				CLANG_ENABLE_MODULES = YES;
				CLANG_ENABLE_OBJC_ARC = YES;
				CLANG_ENABLE_OBJC_WEAK = YES;
				CLANG_WARN_BLOCK_CAPTURE_AUTORELEASING = YES;
				CLANG_WARN_BOOL_CONVERSION = YES;
				CLANG_WARN_COMMA = YES;
				CLANG_WARN_CONSTANT_CONVERSION = YES;
				CLANG_WARN_DEPRECATED_OBJC_IMPLEMENTATIONS = YES;
				CLANG_WARN_DIRECT_OBJC_ISA_USAGE = YES_ERROR;
				CLANG_WARN_DOCUMENTATION_COMMENTS = YES;
				CLANG_WARN_EMPTY_BODY = YES;
				CLANG_WARN_ENUM_CONVERSION = YES;
				CLANG_WARN_INFINITE_RECURSION = YES;
				CLANG_WARN_INT_CONVERSION = YES;
				CLANG_WARN_NON_LITERAL_NULL_CONVERSION = YES;
				CLANG_WARN_OBJC_IMPLICIT_RETAIN_SELF = YES;
				CLANG_WARN_OBJC_LITERAL_CONVERSION = YES;
				CLANG_WARN_OBJC_ROOT_CLASS = YES_ERROR;
				CLANG_WARN_QUOTED_INCLUDE_IN_FRAMEWORK_HEADER = YES;
				CLANG_WARN_RANGE_LOOP_ANALYSIS = YES;
				CLANG_WARN_STRICT_PROTOTYPES = YES;
				CLANG_WARN_SUSPICIOUS_MOVE = YES;
				CLANG_WARN_UNGUARDED_AVAILABILITY = YES_AGGRESSIVE;
				CLANG_WARN_UNREACHABLE_CODE = YES;
				CLANG_WARN__DUPLICATE_METHOD_MATCH = YES;
				COPY_PHASE_STRIP = NO;
				DEBUG_INFORMATION_FORMAT = "dwarf-with-dsym";
				ENABLE_NS_ASSERTIONS = NO;
				ENABLE_STRICT_OBJC_MSGSEND = YES;
				GCC_C_LANGUAGE_STANDARD = gnu11;
				GCC_NO_COMMON_BLOCKS = YES;
				GCC_WARN_64_TO_32_BIT_CONVERSION = YES;
				GCC_WARN_ABOUT_RETURN_TYPE = YES_ERROR;
				GCC_WARN_UNDECLARED_SELECTOR = YES;
				GCC_WARN_UNINITIALIZED_AUTOS = YES_AGGRESSIVE;
				GCC_WARN_UNUSED_FUNCTION = YES;
				GCC_WARN_UNUSED_VARIABLE = YES;
				IPHONEOS_DEPLOYMENT_TARGET = 16.2;
				MTL_ENABLE_DEBUG_INFO = NO;
				MTL_FAST_MATH = YES;
				SDKROOT = iphoneos;
				SWIFT_COMPILATION_MODE = wholemodule;
				SWIFT_OPTIMIZATION_LEVEL = "-O";
				VALIDATE_PRODUCT = YES;
			};
			name = Release;
		};
		AADA81142954AF390014B85B /* Debug */ = {
			isa = XCBuildConfiguration;
			buildSettings = {
				ASSETCATALOG_COMPILER_APPICON_NAME = AppIcon;
				ASSETCATALOG_COMPILER_GLOBAL_ACCENT_COLOR_NAME = AccentColor;
				CODE_SIGN_STYLE = Automatic;
				CURRENT_PROJECT_VERSION = 1;
				DEVELOPMENT_ASSET_PATHS = "\"CD-One-To-One-Relation/Preview Content\"";
				DEVELOPMENT_TEAM = 5NMH6T4VP3;
				ENABLE_PREVIEWS = YES;
				GENERATE_INFOPLIST_FILE = YES;
				INFOPLIST_KEY_UIApplicationSceneManifest_Generation = YES;
				INFOPLIST_KEY_UIApplicationSupportsIndirectInputEvents = YES;
				INFOPLIST_KEY_UILaunchScreen_Generation = YES;
				INFOPLIST_KEY_UISupportedInterfaceOrientations_iPad = "UIInterfaceOrientationPortrait UIInterfaceOrientationPortraitUpsideDown UIInterfaceOrientationLandscapeLeft UIInterfaceOrientationLandscapeRight";
				INFOPLIST_KEY_UISupportedInterfaceOrientations_iPhone = "UIInterfaceOrientationPortrait UIInterfaceOrientationLandscapeLeft UIInterfaceOrientationLandscapeRight";
				LD_RUNPATH_SEARCH_PATHS = (
					"$(inherited)",
					"@executable_path/Frameworks",
				);
				MARKETING_VERSION = 1.0;
				PRODUCT_BUNDLE_IDENTIFIER = "me.schinkel.christian.CD-One-To-One-Relation";
				PRODUCT_NAME = "$(TARGET_NAME)";
				SWIFT_EMIT_LOC_STRINGS = YES;
				SWIFT_VERSION = 5.0;
				TARGETED_DEVICE_FAMILY = "1,2";
			};
			name = Debug;
		};
		AADA81152954AF390014B85B /* Release */ = {
			isa = XCBuildConfiguration;
			buildSettings = {
				ASSETCATALOG_COMPILER_APPICON_NAME = AppIcon;
				ASSETCATALOG_COMPILER_GLOBAL_ACCENT_COLOR_NAME = AccentColor;
				CODE_SIGN_STYLE = Automatic;
				CURRENT_PROJECT_VERSION = 1;
				DEVELOPMENT_ASSET_PATHS = "\"CD-One-To-One-Relation/Preview Content\"";
				DEVELOPMENT_TEAM = 5NMH6T4VP3;
				ENABLE_PREVIEWS = YES;
				GENERATE_INFOPLIST_FILE = YES;
				INFOPLIST_KEY_UIApplicationSceneManifest_Generation = YES;
				INFOPLIST_KEY_UIApplicationSupportsIndirectInputEvents = YES;
				INFOPLIST_KEY_UILaunchScreen_Generation = YES;
				INFOPLIST_KEY_UISupportedInterfaceOrientations_iPad = "UIInterfaceOrientationPortrait UIInterfaceOrientationPortraitUpsideDown UIInterfaceOrientationLandscapeLeft UIInterfaceOrientationLandscapeRight";
				INFOPLIST_KEY_UISupportedInterfaceOrientations_iPhone = "UIInterfaceOrientationPortrait UIInterfaceOrientationLandscapeLeft UIInterfaceOrientationLandscapeRight";
				LD_RUNPATH_SEARCH_PATHS = (
					"$(inherited)",
					"@executable_path/Frameworks",
				);
				MARKETING_VERSION = 1.0;
				PRODUCT_BUNDLE_IDENTIFIER = "me.schinkel.christian.CD-One-To-One-Relation";
				PRODUCT_NAME = "$(TARGET_NAME)";
				SWIFT_EMIT_LOC_STRINGS = YES;
				SWIFT_VERSION = 5.0;
				TARGETED_DEVICE_FAMILY = "1,2";
			};
			name = Release;
		};
/* End XCBuildConfiguration section */

/* Begin XCConfigurationList section */
		AADA80FB2954AF370014B85B /* Build configuration list for PBXProject "CD-One-To-One-Relation" */ = {
			isa = XCConfigurationList;
			buildConfigurations = (
				AADA81112954AF390014B85B /* Debug */,
				AADA81122954AF390014B85B /* Release */,
			);
			defaultConfigurationIsVisible = 0;
			defaultConfigurationName = Release;
		};
		AADA81132954AF390014B85B /* Build configuration list for PBXNativeTarget "CD-One-To-One-Relation" */ = {
			isa = XCConfigurationList;
			buildConfigurations = (
				AADA81142954AF390014B85B /* Debug */,
				AADA81152954AF390014B85B /* Release */,
			);
			defaultConfigurationIsVisible = 0;
			defaultConfigurationName = Release;
		};
/* End XCConfigurationList section */

/* Begin XCVersionGroup section */
		AADA810E2954AF390014B85B /* CD_One_To_One_Relation.xcdatamodeld */ = {
			isa = XCVersionGroup;
			children = (
				AADA810F2954AF390014B85B /* CD_One_To_One_Relation.xcdatamodel */,
			);
			currentVersion = AADA810F2954AF390014B85B /* CD_One_To_One_Relation.xcdatamodel */;
			path = CD_One_To_One_Relation.xcdatamodeld;
			sourceTree = "<group>";
			versionGroupType = wrapper.xcdatamodel;
		};
/* End XCVersionGroup section */
	};
	rootObject = AADA80F82954AF370014B85B /* Project object */;
}
